
Microsoft Visual Studio Solution File, Format Version 12.00
# Visual Studio Version 17
VisualStudioVersion = 17.10.35013.160
MinimumVisualStudioVersion = 10.0.40219.1
Project("{FAE04EC0-301F-11D3-BF4B-00C04F79EFBC}") = "AbonnementManager", "AbonnementManager\AbonnementManager.csproj", "{BCA3745E-ED1C-45EA-B2FC-E10F10DABEF0}"
EndProject
Global
	GlobalSection(SolutionConfigurationPlatforms) = preSolution
		Debug|Any CPU = Debug|Any CPU
		Release|Any CPU = Release|Any CPU
	EndGlobalSection
	GlobalSection(ProjectConfigurationPlatforms) = postSolution
		{BCA3745E-ED1C-45EA-B2FC-E10F10DABEF0}.Debug|Any CPU.ActiveCfg = Debug|Any CPU
		{BCA3745E-ED1C-45EA-B2FC-E10F10DABEF0}.Debug|Any CPU.Build.0 = Debug|Any CPU
		{BCA3745E-ED1C-45EA-B2FC-E10F10DABEF0}.Release|Any CPU.ActiveCfg = Release|Any CPU
		{BCA3745E-ED1C-45EA-B2FC-E10F10DABEF0}.Release|Any CPU.Build.0 = Release|Any CPU
	EndGlobalSection
	GlobalSection(SolutionProperties) = preSolution
		HideSolutionNode = FALSE
	EndGlobalSection
	GlobalSection(ExtensibilityGlobals) = postSolution
		SolutionGuid = {AF1108A8-411D-4689-8CF4-C3BD8F7D5C1D}
	EndGlobalSection
EndGlobal
